{
    "_meta": {
        "hash": {
            "sha256": "70335222b8abf261201a0215e586f007d5a6e11cdfca7939d2e4eabd809c374a"
        },
        "pipfile-spec": 6,
        "requires": {
            "python_version": "3.10"
        },
        "sources": [
            {
                "name": "pypi",
                "url": "https://pypi.org/simple",
                "verify_ssl": true
            }
        ]
    },
    "default": {
        "blis": {
            "hashes": [
                "sha256:179037cb5e6744c2e93b6b5facc6e4a0073776d514933c3db1e1f064a3253425",
                "sha256:29ef4c25007785a90ffc2f0ab3d3bd3b75cd2d7856a9a482b7d0dac8d511a09d",
                "sha256:3dbb44311029263a6f65ed55a35f970aeb1d20b18bfac4c025de5aadf7889a8c",
                "sha256:3e3f95e035c7456a1f5f3b5a3cfe708483a00335a3a8ad2211d57ba4d5f749a5",
                "sha256:4d5755ef37a573647be62684ca1545698879d07321f1e5b89a4fd669ce355eb0",
                "sha256:5cb1db88ab629ccb39eac110b742b98e3511d48ce9caa82ca32609d9169a9c9c",
                "sha256:5fd46c649acd1920482b4f5556d1c88693cba9bf6a494a020b00f14b42e1132f",
                "sha256:6d12475e588a322e66a18346a3faa9eb92523504042e665c193d1b9b0b3f0482",
                "sha256:6fd5941bd5a21082b19d1dd0f6d62cd35609c25eb769aa3457d9877ef2ce37a9",
                "sha256:7417667c221e29fe8662c3b2ff9bc201c6a5214bbb5eb6cc290484868802258d",
                "sha256:8275f6b6eee714b85f00bf882720f508ed6a60974bcde489715d37fd35529da8",
                "sha256:97ad55e9ef36e4ff06b35802d0cf7bfc56f9697c6bc9427f59c90956bb98377d",
                "sha256:b3ea73707a7938304c08363a0b990600e579bfb52dece7c674eafac4bf2df9f7",
                "sha256:b5f4691bf62013eccc167c38a85c09a0bf0c6e3e80d4c2229cdf2668c1124eb0",
                "sha256:b8a1fcd2eb267301ab13e1e4209c165d172cdf9c0c9e08186a9e234bf91daa16",
                "sha256:b9737035636452fb6d08e7ab79e5a9904be18a0736868a129179cd9f9ab59825",
                "sha256:c0521231bc95ab522f280da3bbb096299c910a62cac2376d48d4a1d403c54393",
                "sha256:c399a03de4059bf8e700b921f9ff5d72b2a86673616c40db40cd0592051bdd07",
                "sha256:d0e82a6e0337d5231129a4e8b36978fa7b973ad3bb0257fd8e3714a9b35ceffd",
                "sha256:d205a7e69523e2bacdd67ea906b82b84034067e0de83b33bd83eb96b9e844ae3",
                "sha256:d3882b4f44a33367812b5e287c0690027092830ffb1cce124b02f64e761819a4",
                "sha256:d4eb70a79562a211bd2e6b6db63f1e2eed32c0ab3e9ef921d86f657ae8375845",
                "sha256:d811e88480203d75e6e959f313fdbf3326393b4e2b317067d952347f5c56216e",
                "sha256:d81c3f627d33545fc25c9dcb5fee66c476d89288a27d63ac16ea63453401ffd5",
                "sha256:db2959560dcb34e912dad0e0d091f19b05b61363bac15d78307c01334a4e5d9d",
                "sha256:e85993364cae82707bfe7e637bee64ec96e232af31301e5c81a351778cb394b9",
                "sha256:f5cec812ee47b29107eb36af9b457be7191163eab65d61775ed63538232c59d5",
                "sha256:f7b6315d7b1ac5546bc0350f5f8d7cc064438d23db19a5c21aaa6ae7d93c1ab5"
            ],
            "index": "pypi",
            "version": "==0.7.9"
        },
        "catalogue": {
            "hashes": [
                "sha256:2d786e229d8d202b4f8a2a059858e45a2331201d831e39746732daa704b99f69",
                "sha256:b325c77659208bfb6af1b0d93b1a1aa4112e1bb29a4c5ced816758a722f0e388"
            ],
            "index": "pypi",
            "version": "==2.0.8"
        },
        "certifi": {
            "hashes": [
                "sha256:35824b4c3a97115964b408844d64aa14db1cc518f6562e8d7261699d1350a9e3",
                "sha256:4ad3232f5e926d6718ec31cfc1fcadfde020920e278684144551c91769c7bc18"
            ],
            "index": "pypi",
            "version": "==2022.12.7"
        },
        "charset-normalizer": {
            "hashes": [
                "sha256:e019de665e2bcf9c2b64e2e5aa025fa991da8720daa3c1138cadd2fd1856aed0",
                "sha256:f7af805c321bfa1ce6714c51f254e0d5bb5e5834039bc17db7ebe3a4cec9492b"
            ],
            "index": "pypi",
            "version": "==2.0.7"
        },
        "click": {
            "hashes": [
                "sha256:353f466495adaeb40b6b5f592f9f91cb22372351c84caeb068132442a4518ef3",
                "sha256:410e932b050f5eed773c4cda94de75971c89cdb3155a72a0831139a79e5ecb5b"
            ],
            "index": "pypi",
            "version": "==8.0.3"
        },
        "colorama": {
            "hashes": [
                "sha256:08695f5cb7ed6e0531a20572697297273c47b8cae5a63ffc6d6ed5c201be6e44",
                "sha256:4f1d9991f5acc0ca119f9d443620b77f9d6b33703e51011c16baf57afb285fc6"
            ],
            "index": "pypi",
            "version": "==0.4.6"
        },
        "confection": {
            "hashes": [
                "sha256:aeac5919ba770c7b281aa5863bb6b0efed42568a7ad8ea26b6cb632154503fb2",
                "sha256:b1ddf5885da635f0e260a40b339730806dfb1bd17d30e08764f35af841b04ecf"
            ],
            "markers": "python_version >= '3.6'",
            "version": "==0.0.4"
        },
        "cymem": {
            "hashes": [
                "sha256:04676d696596b0db3f3c5a3936bab12fb6f24278921a6622bb185e61765b2b4d",
                "sha256:169725b5816959d34de2545b33fee6a8021a6e08818794a426c5a4f981f17e5e",
                "sha256:228bd261a85d92d870ed358f263ee028ac026302304f2186827377a3895c5819",
                "sha256:2aa3fa467d906cd2c27fa0a2e2952dd7925f5fcc7973fab6d815ef6acb25aad8",
                "sha256:38b51ac23f914d85b197dbd0fb2d3e2de9bf6112b9b30f16b45dbb6c9b4e509d",
                "sha256:4749f220e4c06ec44eb10de13794ff0508cdc4f8eff656cf49cab2cdb3122c0c",
                "sha256:492084aef23ac2ff3da3729e9d36340bc91a96c2dc8c3a82a1926e384ab52412",
                "sha256:4f87fe087f2ae36c3e20e2b1a29d7f76a28c035372d0a97655f26223d975235a",
                "sha256:5d631239bfb07293ee444b269656308da952b6b003b12332ccb1c624dbfcda4b",
                "sha256:6b0d1a6b0a1296f31fa9e4b7ae5ea49394084ecc883b1ae6fec4844403c43468",
                "sha256:700540b68e96a7056d0691d467df2bbaaf0934a3e6fe2383669998cbee19580a",
                "sha256:971cf0a8437dfb4185c3049c086e463612fe849efadc0f5cc153fc81c501da7d",
                "sha256:a261f51796a2705f3900ed22b8442519a0f230f50a816fb5bd89cb9b027dc5ac",
                "sha256:a93fba62fe79dbf6fc4d5b6d804a6e114b44af3ff3d40a28833ee39f21bd336b",
                "sha256:af3c01e6b20f9e6c07c7d7cdb7f710e49889d3906c9a3e039546ee6636a34b9a",
                "sha256:b8e1c18bb00800425576710468299153caad20c64ddb6819d40a6a34e21ee21c",
                "sha256:c59293b232b53ebb47427f16cf648e937022f489cff36c11d1d8a1f0075b6609",
                "sha256:c59ca1072769cb6c3eade59de9e080ff2cecde0122f7e0ca0dc9ef2ed9240f0e",
                "sha256:cd818356b635d8ae546e152a6f2b95f00e959d128a16155c275b0c202cd6312b",
                "sha256:d4dc378fb9dda3b0529361fe32cfe1a6de0fc16bb40c710aaec8d217534928d2",
                "sha256:d7a59cef8f2fa25d12e2c30138f8623acbd43ad2715e730a709e49c5eef8e1b0",
                "sha256:dd52d8a81881804625df88453611175ab7e0099b34f52204da1f6940cf2e83c9",
                "sha256:ea535f74ab6024e7416f93de564e5c81fb7c0964b96280de66f60aeb05f0cf53",
                "sha256:ee73a48c5a7e0f2acf6830ddc958ffafd7a614cfb79d14017a459bc7a7145ecd"
            ],
            "index": "pypi",
            "version": "==2.0.6"
        },
        "de-core-news-lg": {
            "file": "https://github.com/explosion/spacy-models/releases/download/de_core_news_lg-3.5.0/de_core_news_lg-3.5.0-py3-none-any.whl",
            "hashes": [
                "sha256:fcce8e827230b14517e361ca59bf2bd3faaec2752007eb5b5b43b6093d1381f0"
            ],
            "index": "pypi",
            "version": "==3.5.0"
        },
        "idna": {
            "hashes": [
                "sha256:84d9dd047ffa80596e0f246e2eab0b391788b0503584e8945f2368256d2735ff",
                "sha256:9d643ff0a55b762d5cdb124b8eaa99c66322e2157b69160bc32796e824360e6d"
            ],
            "index": "pypi",
            "version": "==3.3"
        },
        "jinja2": {
            "hashes": [
                "sha256:827a0e32839ab1600d4eb1c4c33ec5a8edfbc5cb42dafa13b81f182f97784b45",
                "sha256:8569982d3f0889eed11dd620c706d39b60c36d6d25843961f33f77fb6bc6b20c"
            ],
            "index": "pypi",
            "version": "==3.0.2"
        },
        "langcodes": {
            "hashes": [
                "sha256:4d89fc9acb6e9c8fdef70bcdf376113a3db09b67285d9e1d534de6d8818e7e69",
                "sha256:794d07d5a28781231ac335a1561b8442f8648ca07cd518310aeb45d6f0807ef6"
            ],
            "markers": "python_version >= '3.6'",
            "version": "==3.3.0"
        },
        "markupsafe": {
            "hashes": [
                "sha256:01a9b8ea66f1658938f65b93a85ebe8bc016e6769611be228d797c9d998dd298",
                "sha256:023cb26ec21ece8dc3907c0e8320058b2e0cb3c55cf9564da612bc325bed5e64",
                "sha256:0446679737af14f45767963a1a9ef7620189912317d095f2d9ffa183a4d25d2b",
                "sha256:04635854b943835a6ea959e948d19dcd311762c5c0c6e1f0e16ee57022669194",
                "sha256:0717a7390a68be14b8c793ba258e075c6f4ca819f15edfc2a3a027c823718567",
                "sha256:0955295dd5eec6cb6cc2fe1698f4c6d84af2e92de33fbcac4111913cd100a6ff",
                "sha256:0d4b31cc67ab36e3392bbf3862cfbadac3db12bdd8b02a2731f509ed5b829724",
                "sha256:10f82115e21dc0dfec9ab5c0223652f7197feb168c940f3ef61563fc2d6beb74",
                "sha256:168cd0a3642de83558a5153c8bd34f175a9a6e7f6dc6384b9655d2697312a646",
                "sha256:1d609f577dc6e1aa17d746f8bd3c31aa4d258f4070d61b2aa5c4166c1539de35",
                "sha256:1f2ade76b9903f39aa442b4aadd2177decb66525062db244b35d71d0ee8599b6",
                "sha256:20dca64a3ef2d6e4d5d615a3fd418ad3bde77a47ec8a23d984a12b5b4c74491a",
                "sha256:2a7d351cbd8cfeb19ca00de495e224dea7e7d919659c2841bbb7f420ad03e2d6",
                "sha256:2d7d807855b419fc2ed3e631034685db6079889a1f01d5d9dac950f764da3dad",
                "sha256:2ef54abee730b502252bcdf31b10dacb0a416229b72c18b19e24a4509f273d26",
                "sha256:36bc903cbb393720fad60fc28c10de6acf10dc6cc883f3e24ee4012371399a38",
                "sha256:37205cac2a79194e3750b0af2a5720d95f786a55ce7df90c3af697bfa100eaac",
                "sha256:3c112550557578c26af18a1ccc9e090bfe03832ae994343cfdacd287db6a6ae7",
                "sha256:3dd007d54ee88b46be476e293f48c85048603f5f516008bee124ddd891398ed6",
                "sha256:4296f2b1ce8c86a6aea78613c34bb1a672ea0e3de9c6ba08a960efe0b0a09047",
                "sha256:47ab1e7b91c098ab893b828deafa1203de86d0bc6ab587b160f78fe6c4011f75",
                "sha256:49e3ceeabbfb9d66c3aef5af3a60cc43b85c33df25ce03d0031a608b0a8b2e3f",
                "sha256:4dc8f9fb58f7364b63fd9f85013b780ef83c11857ae79f2feda41e270468dd9b",
                "sha256:4efca8f86c54b22348a5467704e3fec767b2db12fc39c6d963168ab1d3fc9135",
                "sha256:53edb4da6925ad13c07b6d26c2a852bd81e364f95301c66e930ab2aef5b5ddd8",
                "sha256:5855f8438a7d1d458206a2466bf82b0f104a3724bf96a1c781ab731e4201731a",
                "sha256:594c67807fb16238b30c44bdf74f36c02cdf22d1c8cda91ef8a0ed8dabf5620a",
                "sha256:5b6d930f030f8ed98e3e6c98ffa0652bdb82601e7a016ec2ab5d7ff23baa78d1",
                "sha256:5bb28c636d87e840583ee3adeb78172efc47c8b26127267f54a9c0ec251d41a9",
                "sha256:60bf42e36abfaf9aff1f50f52644b336d4f0a3fd6d8a60ca0d054ac9f713a864",
                "sha256:611d1ad9a4288cf3e3c16014564df047fe08410e628f89805e475368bd304914",
                "sha256:6300b8454aa6930a24b9618fbb54b5a68135092bc666f7b06901f897fa5c2fee",
                "sha256:63f3268ba69ace99cab4e3e3b5840b03340efed0948ab8f78d2fd87ee5442a4f",
                "sha256:6557b31b5e2c9ddf0de32a691f2312a32f77cd7681d8af66c2692efdbef84c18",
                "sha256:693ce3f9e70a6cf7d2fb9e6c9d8b204b6b39897a2c4a1aa65728d5ac97dcc1d8",
                "sha256:6a7fae0dd14cf60ad5ff42baa2e95727c3d81ded453457771d02b7d2b3f9c0c2",
                "sha256:6c4ca60fa24e85fe25b912b01e62cb969d69a23a5d5867682dd3e80b5b02581d",
                "sha256:6fcf051089389abe060c9cd7caa212c707e58153afa2c649f00346ce6d260f1b",
                "sha256:7d91275b0245b1da4d4cfa07e0faedd5b0812efc15b702576d103293e252af1b",
                "sha256:89c687013cb1cd489a0f0ac24febe8c7a666e6e221b783e53ac50ebf68e45d86",
                "sha256:8d206346619592c6200148b01a2142798c989edcb9c896f9ac9722a99d4e77e6",
                "sha256:905fec760bd2fa1388bb5b489ee8ee5f7291d692638ea5f67982d968366bef9f",
                "sha256:97383d78eb34da7e1fa37dd273c20ad4320929af65d156e35a5e2d89566d9dfb",
                "sha256:984d76483eb32f1bcb536dc27e4ad56bba4baa70be32fa87152832cdd9db0833",
                "sha256:99df47edb6bda1249d3e80fdabb1dab8c08ef3975f69aed437cb69d0a5de1e28",
                "sha256:9f02365d4e99430a12647f09b6cc8bab61a6564363f313126f775eb4f6ef798e",
                "sha256:a30e67a65b53ea0a5e62fe23682cfe22712e01f453b95233b25502f7c61cb415",
                "sha256:ab3ef638ace319fa26553db0624c4699e31a28bb2a835c5faca8f8acf6a5a902",
                "sha256:aca6377c0cb8a8253e493c6b451565ac77e98c2951c45f913e0b52facdcff83f",
                "sha256:add36cb2dbb8b736611303cd3bfcee00afd96471b09cda130da3581cbdc56a6d",
                "sha256:b2f4bf27480f5e5e8ce285a8c8fd176c0b03e93dcc6646477d4630e83440c6a9",
                "sha256:b7f2d075102dc8c794cbde1947378051c4e5180d52d276987b8d28a3bd58c17d",
                "sha256:baa1a4e8f868845af802979fcdbf0bb11f94f1cb7ced4c4b8a351bb60d108145",
                "sha256:be98f628055368795d818ebf93da628541e10b75b41c559fdf36d104c5787066",
                "sha256:bf5d821ffabf0ef3533c39c518f3357b171a1651c1ff6827325e4489b0e46c3c",
                "sha256:c47adbc92fc1bb2b3274c4b3a43ae0e4573d9fbff4f54cd484555edbf030baf1",
                "sha256:cdfba22ea2f0029c9261a4bd07e830a8da012291fbe44dc794e488b6c9bb353a",
                "sha256:d6c7ebd4e944c85e2c3421e612a7057a2f48d478d79e61800d81468a8d842207",
                "sha256:d7f9850398e85aba693bb640262d3611788b1f29a79f0c93c565694658f4071f",
                "sha256:d8446c54dc28c01e5a2dbac5a25f071f6653e6e40f3a8818e8b45d790fe6ef53",
                "sha256:deb993cacb280823246a026e3b2d81c493c53de6acfd5e6bfe31ab3402bb37dd",
                "sha256:e0f138900af21926a02425cf736db95be9f4af72ba1bb21453432a07f6082134",
                "sha256:e9936f0b261d4df76ad22f8fee3ae83b60d7c3e871292cd42f40b81b70afae85",
                "sha256:f0567c4dc99f264f49fe27da5f735f414c4e7e7dd850cfd8e69f0862d7c74ea9",
                "sha256:f5653a225f31e113b152e56f154ccbe59eeb1c7487b39b9d9f9cdb58e6c79dc5",
                "sha256:f826e31d18b516f653fe296d967d700fddad5901ae07c622bb3705955e1faa94",
                "sha256:f8ba0e8349a38d3001fae7eadded3f6606f0da5d748ee53cc1dab1d6527b9509",
                "sha256:f9081981fe268bd86831e5c75f7de206ef275defcb82bc70740ae6dc507aee51",
                "sha256:fa130dd50c57d53368c9d59395cb5526eda596d3ffe36666cd81a44d56e48872"
            ],
            "index": "pypi",
            "version": "==2.0.1"
        },
        "murmurhash": {
            "hashes": [
                "sha256:00a5252b569d3f914b5bd0bce72d2efe9c0fb91a9703556ea1b608b141c68f2d",
                "sha256:1431d817e1fff1ed35f8dc54dd5b4d70165ec98076de8aca351805f8037293f3",
                "sha256:2911bc3e8040dfaac536b141539b0351915f1439953f0aa9e957f082cff035a6",
                "sha256:5c7b8cc4a8db1c821b80f8ca70a25c3166b14d68ecef8693a117c6a0b1d74ace",
                "sha256:773411eba268bf524c012e781f4405aacb9ef4edc063d1f6b38bbf06358b988e",
                "sha256:7dc5a79346afa07f14384926c335c0c455226d687d1305b9378264875b450e51",
                "sha256:8de08d145c85bb7ba89cb1b591742e3ef54cede73e35f62752af687a4a1859f7",
                "sha256:90a8e06872015d6f9f66a42669e003a1df8be229defef69cd98546f4cb25546d",
                "sha256:92cd7196974307143ce8e9e9b6e22e0a57abf30bdd5a1effe696b4825677e616",
                "sha256:9d69cc0ffc0ef6d37399b8a0484a44f9877e531ebc164e55105e89738ed52089",
                "sha256:a78d53f047c3410ce4c589d9b47090f628f844ed5694418144e63cfe7f3da7e9",
                "sha256:ab326b172dc470331490bda516d4d6d7578c91445ad83a2a3418ac1b9c5f9f55",
                "sha256:cdd1036688341413e5adef32b3fd58e8b44f24405f394f90129f39ed879e4f24",
                "sha256:de267459d040c96727ba141075d5bc983ec69c6f75b6df1b703e3b5cd7090382",
                "sha256:e40790fdaf65213d70da4ed9229f16f6d6376310dc8fc23eacc98e6151c6ae7e",
                "sha256:f4ef3b26229ff192032a12653d637313e1231d23e788b83a2f4a3d8e2bf2d031"
            ],
            "index": "pypi",
            "version": "==1.0.6"
        },
        "numpy": {
            "hashes": [
                "sha256:0ec87a7084caa559c36e0a2309e4ecb1baa03b687201d0a847c8b0ed476a7187",
                "sha256:1a7d6acc2e7524c9955e5c903160aa4ea083736fde7e91276b0e5d98e6332812",
                "sha256:202de8f38fc4a45a3eea4b63e2f376e5f2dc64ef0fa692838e31a808520efaf7",
                "sha256:210461d87fb02a84ef243cac5e814aad2b7f4be953b32cb53327bb49fd77fbb4",
                "sha256:2d926b52ba1367f9acb76b0df6ed21f0b16a1ad87c6720a1121674e5cf63e2b6",
                "sha256:352ee00c7f8387b44d19f4cada524586f07379c0d49270f87233983bc5087ca0",
                "sha256:35400e6a8d102fd07c71ed7dcadd9eb62ee9a6e84ec159bd48c28235bbb0f8e4",
                "sha256:3c1104d3c036fb81ab923f507536daedc718d0ad5a8707c6061cdfd6d184e570",
                "sha256:4719d5aefb5189f50887773699eaf94e7d1e02bf36c1a9d353d9f46703758ca4",
                "sha256:4749e053a29364d3452c034827102ee100986903263e89884922ef01a0a6fd2f",
                "sha256:5342cf6aad47943286afa6f1609cad9b4266a05e7f2ec408e2cf7aea7ff69d80",
                "sha256:56e48aec79ae238f6e4395886b5eaed058abb7231fb3361ddd7bfdf4eed54289",
                "sha256:76e3f4e85fc5d4fd311f6e9b794d0c00e7002ec122be271f2019d63376f1d385",
                "sha256:7776ea65423ca6a15255ba1872d82d207bd1e09f6d0894ee4a64678dd2204078",
                "sha256:784c6da1a07818491b0ffd63c6bbe5a33deaa0e25a20e1b3ea20cf0e43f8046c",
                "sha256:8535303847b89aa6b0f00aa1dc62867b5a32923e4d1681a35b5eef2d9591a463",
                "sha256:9a7721ec204d3a237225db3e194c25268faf92e19338a35f3a224469cb6039a3",
                "sha256:a1d3c026f57ceaad42f8231305d4653d5f05dc6332a730ae5c0bea3513de0950",
                "sha256:ab344f1bf21f140adab8e47fdbc7c35a477dc01408791f8ba00d018dd0bc5155",
                "sha256:ab5f23af8c16022663a652d3b25dcdc272ac3f83c3af4c02eb8b824e6b3ab9d7",
                "sha256:ae8d0be48d1b6ed82588934aaaa179875e7dc4f3d84da18d7eae6eb3f06c242c",
                "sha256:c91c4afd8abc3908e00a44b2672718905b8611503f7ff87390cc0ac3423fb096",
                "sha256:d5036197ecae68d7f491fcdb4df90082b0d4960ca6599ba2659957aafced7c17",
                "sha256:d6cc757de514c00b24ae8cf5c876af2a7c3df189028d68c0cb4eaa9cd5afc2bf",
                "sha256:d933fabd8f6a319e8530d0de4fcc2e6a61917e0b0c271fded460032db42a0fe4",
                "sha256:ea8282b9bcfe2b5e7d491d0bf7f3e2da29700cec05b49e64d6246923329f2b02",
                "sha256:ecde0f8adef7dfdec993fd54b0f78183051b6580f606111a6d789cd14c61ea0c",
                "sha256:f21c442fdd2805e91799fbe044a7b999b8571bb0ab0f7850d0cb9641a687092b"
            ],
            "index": "pypi",
            "version": "==1.24.3"
        },
        "packaging": {
            "hashes": [
                "sha256:096d689d78ca690e4cd8a89568ba06d07ca097e3306a4381635073ca91479966",
                "sha256:14317396d1e8cdb122989b916fa2c7e9ca8e2be9e8060a6eff75b6b7b4d8a7e0"
            ],
            "index": "pypi",
            "version": "==21.2"
        },
        "pathy": {
            "hashes": [
                "sha256:4cd6e71b4cd5ff875cfbb949ad9fa5519d8d1dbe69d5fc1d1b23aa3cb049618b",
                "sha256:a7613ee2d99a0a3300e1d836322e2d947c85449fde59f52906f995dbff67dad4"
            ],
            "index": "pypi",
            "version": "==0.10.1"
        },
        "preshed": {
            "hashes": [
                "sha256:08e10bc02a92cdf95dbab7af386f7d995aaaf7715c15869c7dae0d6b162215fb",
                "sha256:1ba02155edf20b16de5469f6c9d918d002520397ea458b43e80689070d984112",
                "sha256:3af09f4cfcdaca085fd87dac8107617c4e2bb0ad1458f953841b71e9728287f5",
                "sha256:58661bea8d0d63a648588511407285e43d43627e27f836e30819801fb3c75d70",
                "sha256:5f99837e7353ce1fa81f0074d4b15f36e0af5af60a2a54d4d11e13cb09768a9e",
                "sha256:61b2ea656cb1c38d544cc774f1c2ad1cdab23167b46b35310a7e211d4ba9c6d0",
                "sha256:66a71ced487516cf81fd0431a3a843514262ae2f33e9a7688b87562258fa75d5",
                "sha256:6c98f725d8478f3ade4ab1ea00f50a92d2d9406d37276bc46fd8bab1d47452c4",
                "sha256:87e1add41b7f6236a3ccc34788f47ab8682bc28e8a2d369089062e274494c1a0",
                "sha256:8c60a400babfc5b25ba371fda7041be227f7c625e1fb7a43329c2c08fe00a53b",
                "sha256:92a8f49d17a63537a8beed48a049b62ef168ca07e0042a5b2bcdf178a1fb5d48",
                "sha256:9c7809491e26a41bd6e4e2e93ddf3e8989cff256c3829a7953b57c97a8268a6c",
                "sha256:9fb3d1da40abe3d99a9ee28c0df7090c1bab7c09042421d3cade7dc12e868c70",
                "sha256:a279c138ad1d5be02547b1545254929588414b01571fe637016367f6a1aa11de",
                "sha256:ab8b5232255ebf7ee96e3cb4f1bedaace6ae0925d1113d4ede9d44c78f088ef2",
                "sha256:cfe1495fcfc7f479de840ddc4f426dbb55351e218ae5c8712c1269183a4d0060",
                "sha256:e03ae3eee961106a517fcd827b5a7c51f7317236b3e665c989054ab8dc381d28",
                "sha256:ea00900c6fbbfa332055251e10dcf7f79ee1997d207fddb22787e0812f5022a5",
                "sha256:ea8aa9610837e907e8442e79300df0a861bfdb4dcaf026a5d9642a688ad04815",
                "sha256:eaffbc71fdb8625f9aac4fe7e19e20bf318d1421ea05903bebe3e6ffef27b587",
                "sha256:eb5ea5b423daa2d5516ea0ac5e52745e44f8cb23bf55f80a38e81fcacfde8ba5",
                "sha256:f2640258a158a83bc5c59944a42cf9998f7f8ba87b85009236818abfd04b2cc6",
                "sha256:f92e752a868ea2690e1b38c4b775251a145e0fce36b9bdd972539e8271b7a23a",
                "sha256:fb3b7588a3a0f2f2f1bf3fe403361b2b031212b73a37025aea1df7215af3772a"
            ],
            "index": "pypi",
            "version": "==3.0.6"
        },
        "pydantic": {
            "hashes": [
                "sha256:052d8654cb65174d6f9490cc9b9a200083a82cf5c3c5d3985db765757eb3b375",
                "sha256:0c6fafa0965b539d7aab0a673a046466d23b86e4b0e8019d25fd53f4df62c277",
                "sha256:1243d28e9b05003a89d72e7915fdb26ffd1d39bdd39b00b7dbe4afae4b557f9d",
                "sha256:12f7b0bf8553e310e530e9f3a2f5734c68699f42218bf3568ef49cd9b0e44df4",
                "sha256:1410275520dfa70effadf4c21811d755e7ef9bb1f1d077a21958153a92c8d9ca",
                "sha256:16f8c3e33af1e9bb16c7a91fc7d5fa9fe27298e9f299cff6cb744d89d573d62c",
                "sha256:17aef11cc1b997f9d574b91909fed40761e13fac438d72b81f902226a69dac01",
                "sha256:191ba419b605f897ede9892f6c56fb182f40a15d309ef0142212200a10af4c18",
                "sha256:1952526ba40b220b912cdc43c1c32bcf4a58e3f192fa313ee665916b26befb68",
                "sha256:1ced8375969673929809d7f36ad322934c35de4af3b5e5b09ec967c21f9f7887",
                "sha256:2e4148e635994d57d834be1182a44bdb07dd867fa3c2d1b37002000646cc5459",
                "sha256:34d327c81e68a1ecb52fe9c8d50c8a9b3e90d3c8ad991bfc8f953fb477d42fb4",
                "sha256:35db5301b82e8661fa9c505c800d0990bc14e9f36f98932bb1d248c0ac5cada5",
                "sha256:3e59417ba8a17265e632af99cc5f35ec309de5980c440c255ab1ca3ae96a3e0e",
                "sha256:42aa0c4b5c3025483240a25b09f3c09a189481ddda2ea3a831a9d25f444e03c1",
                "sha256:666bdf6066bf6dbc107b30d034615d2627e2121506c555f73f90b54a463d1f33",
                "sha256:66a703d1983c675a6e0fed8953b0971c44dba48a929a2000a493c3772eb61a5a",
                "sha256:6a82d6cda82258efca32b40040228ecf43a548671cb174a1e81477195ed3ed56",
                "sha256:6f2e754d5566f050954727c77f094e01793bcb5725b663bf628fa6743a5a9108",
                "sha256:7456eb22ed9aaa24ff3e7b4757da20d9e5ce2a81018c1b3ebd81a0b88a18f3b2",
                "sha256:7b1f6cb446470b7ddf86c2e57cd119a24959af2b01e552f60705910663af09a4",
                "sha256:7d5b8641c24886d764a74ec541d2fc2c7fb19f6da2a4001e6d580ba4a38f7878",
                "sha256:84d80219c3f8d4cad44575e18404099c76851bc924ce5ab1c4c8bb5e2a2227d0",
                "sha256:88f195f582851e8db960b4a94c3e3ad25692c1c1539e2552f3df7a9e972ef60e",
                "sha256:93e6bcfccbd831894a6a434b0aeb1947f9e70b7468f274154d03d71fabb1d7c6",
                "sha256:93e766b4a8226e0708ef243e843105bf124e21331694367f95f4e3b4a92bbb3f",
                "sha256:ab523c31e22943713d80d8d342d23b6f6ac4b792a1e54064a8d0cf78fd64e800",
                "sha256:bb14388ec45a7a0dc429e87def6396f9e73c8c77818c927b6a60706603d5f2ea",
                "sha256:c0ab53b609c11dfc0c060d94335993cc2b95b2150e25583bec37a49b2d6c6c3f",
                "sha256:c33b60054b2136aef8cf190cd4c52a3daa20b2263917c49adad20eaf381e823b",
                "sha256:ceb6a23bf1ba4b837d0cfe378329ad3f351b5897c8d4914ce95b85fba96da5a1",
                "sha256:d532bf00f381bd6bc62cabc7d1372096b75a33bc197a312b03f5838b4fb84edd",
                "sha256:df7800cb1984d8f6e249351139667a8c50a379009271ee6236138a22a0c0f319",
                "sha256:e82d4566fcd527eae8b244fa952d99f2ca3172b7e97add0b43e2d97ee77f81ab",
                "sha256:f90c1e29f447557e9e26afb1c4dbf8768a10cc676e3781b6a577841ade126b85",
                "sha256:f9613fadad06b4f3bc5db2653ce2f22e0de84a7c6c293909b48f6ed37b83c61f"
            ],
            "index": "pypi",
            "version": "==1.10.8"
        },
        "pyparsing": {
            "hashes": [
                "sha256:c203ec8783bf771a155b207279b9bccb8dea02d8f0c9e5f8ead507bc3246ecc1",
                "sha256:ef9d7589ef3c200abe66653d3f1ab1033c3c419ae9b9bdb1240a85b024efc88b"
            ],
            "index": "pypi",
            "version": "==2.4.7"
        },
        "requests": {
            "hashes": [
                "sha256:58cd2187c01e70e6e26505bca751777aa9f2ee0b7f4300988b709f44e013003f",
                "sha256:942c5a758f98d790eaed1a29cb6eefc7ffb0d1cf7af05c3d2791656dbd6ad1e1"
            ],
            "index": "pypi",
            "version": "==2.31.0"
        },
        "setuptools": {
            "hashes": [
                "sha256:5df61bf30bb10c6f756eb19e7c9f3b473051f48db77fddbe06ff2ca307df9a6f",
                "sha256:62642358adc77ffa87233bc4d2354c4b2682d214048f500964dbe760ccedf102"
            ],
            "markers": "python_version >= '3.7'",
            "version": "==67.8.0"
        },
        "smart-open": {
            "hashes": [
                "sha256:71d14489da58b60ce12fc3ecb823facc59a8b23cd1b58edb97175640350d3a62",
                "sha256:75abf758717a92a8f53aa96953f0c245c8cedf8e1e4184903db3659b419d4c17"
            ],
            "index": "pypi",
            "version": "==5.2.1"
        },
        "spacy": {
            "hashes": [
                "sha256:0b628bdeb6484eb4bfb1141d43013420d0356fc111033430292aea29b34b79e3",
                "sha256:0c83c11310f9dd3872659e7907ee44b128b850775f9765557f890d817362e1df",
                "sha256:0ef98c2f5e36682a88b55ed841548e27bf8a400746c6bba406933f299ea873fc",
                "sha256:13e54e45b447b6f52c7a050c69898fb7cab5dfc769dc073cc325b4ee8b278893",
                "sha256:2474f1a78557c5697529c48c5c9190f590ead21fbddf47cde757b399b807746c",
                "sha256:3549364d4b2bf01736667e3fba3ce599e73ba281f003225de1033a648d5563f9",
                "sha256:35971d6721576538d6c423c66a09ce00bf66e10e40726a57b7a81993180c248c",
                "sha256:4eaa68b677b1292381bade13d5b20342e31791d3ffdaa261eca3c3c0687bf53f",
                "sha256:59a473b8fbd79a22fdc98c017b14135b5c60c1813de01490a1eaa232a95a538b",
                "sha256:6ff8e6408d7672cdfd1b2035d2b5ca36b6c107c9b46debd9e5ba634700f761f5",
                "sha256:77032fb9f1434ead183e5755e8b4edb58383577c9a14cdb784106aa9771126fc",
                "sha256:860702748e654489e37464a5fca1444ee1b2534572084d416534a88646639c48",
                "sha256:87a5d0d87bc00b0b2c620bea3e8b226cd6913130a723dcaaa07b03e5d933ff59",
                "sha256:87caac0b18404a3cd43da1823914f7f54b60d640e36cc7240a8d05dff548be9e",
                "sha256:902f511ea8f8d9336d62b252f61d9068d93824ae70c5cb048954a3017cc38f1b",
                "sha256:9248ed4f4daa1e969dda69fe725b2085edbda10c562642d37212f2703971b4ca",
                "sha256:98dc4240dd2e27ce33a63f796ed3baf1c1b474e85ade5083b6cb604021423bf1",
                "sha256:9f01ee5285a40d09c45c71bf756eb360de6ca4bb7d00aab4ca20e5379bb69bce",
                "sha256:9f5c4ca98f12e14f13dba08139c62671a623e6ff2d0d96783f8d09b33a8cd973",
                "sha256:a06285f19aaf1b4ea8d0c60285cd8712f9577a4cc64984e0841fa213a465e364",
                "sha256:a59cea275f5724494c77aec66b1758e42268504c34d055a6db2e95f652bd87a5",
                "sha256:acc3ec415ba804515ff1449b13fefc07b393ea6a1ac3461b66b32f62b852467b",
                "sha256:c28b1bfda0d5b0abba961c8679e21767493d48572c94d54acb4018d27f89f4e1",
                "sha256:c555e20187d7db210e3823eedff0f6fb029d23bc8e138342791f305510bf0c66",
                "sha256:d584ff7e6f0c044a5b17ceb6276ea65f054b157f31ce924318bf9b2c75fb8729",
                "sha256:d82d1aeae9e8ee04ccf863a42690493b0b0b912be81783bf737c5963e6e5a8c4",
                "sha256:f58297c982823b19476a8efab302d269202af997c0b6500590ee55cd363428e8",
                "sha256:fa543a185aabf8b33b7e280849fa4f1ae552a34e95a4b6a910d322527def7064"
            ],
            "index": "pypi",
            "version": "==3.5.3"
        },
        "spacy-legacy": {
            "hashes": [
                "sha256:476e3bd0d05f8c339ed60f40986c07387c0a71479245d6d0f4298dbd52cda55f",
                "sha256:b37d6e0c9b6e1d7ca1cf5bc7152ab64a4c4671f59c85adaf7a3fcb870357a774"
            ],
            "index": "pypi",
            "version": "==3.0.12"
        },
        "spacy-loggers": {
            "hashes": [
                "sha256:e050bf2e63208b2f096b777e494971c962ad7c1dc997641c8f95c622550044ae",
                "sha256:e6f983bf71230091d5bb7b11bf64bd54415eca839108d5f83d9155d0ba93bf28"
            ],
            "markers": "python_version >= '3.6'",
            "version": "==1.0.4"
        },
        "srsly": {
            "hashes": [
                "sha256:02ab79c59e4b0eba4ba44d64b4aeccb5df1379270f3970dc7e30f1eef6cd3851",
                "sha256:02b0708878f6a1e344284ae7c65b36a9ad8178eeff71583cd212d2d379f0e2ce",
                "sha256:03477c648b76571a5ab0723423fc03ada74e747c4354357feef92c098853246f",
                "sha256:0355d57e89382bc0852d30b000f1d04f0bf1da2a739f60f0427a00b6ea1cd146",
                "sha256:0522d9aeaf58c6d58ee0cec247653a460545422d3266b2d970df7af1530f3dcc",
                "sha256:0ca1b1065edeca0cbc4a75ef15e915189bfd4b87c8256d542ec662168dd17627",
                "sha256:0e5725f18a76971fc00e788a254bc2da6e119d69d491a811a6d387de77b72ca2",
                "sha256:12b9e6d5a87c64e1d4a4a43fd6c94f98b5c48076c569804072e5fe45f1703c32",
                "sha256:1da8ac70f994644069451b4ab5fe5d2649218871409ab89f8421e79b0eace76b",
                "sha256:2261ef76f6b8d4029b9d2fc4a65ac505a760d2ea1de0132fc4b423883f7df52e",
                "sha256:3a6811eb797101b549fece201c03ba794ed731e9e2d58b81ea56eb3219ed2c8e",
                "sha256:47b41f323aba4c9c3311abf60e443c03a9efe9c69f65dc402d173c32f7744a6f",
                "sha256:52a3b4d2949d9b7623b459054526bc3df04cbd9a8243c4786f13e3c956faf251",
                "sha256:52e3a0a760fb7723c74e566d0c064da78e5707d65d8f69b1d3c2e05b72e3efb2",
                "sha256:5a9833c0a870e17c67a9452ed107b3ec033fa5b7addead51af5977fdafd32452",
                "sha256:720715be0efb9646ab64850185ecd22fe6ace93027d02f6367bdc8842450b369",
                "sha256:73acd407c66fa943bbaa8d473c30ea548b31ba4079b51483eda65df94910b61f",
                "sha256:73ce7c532fecbd8d7ab946fd2b5fa1d767d554526e330e55d7704bcf522c9f66",
                "sha256:7dc1c3877618d67a44ec74830510cd72d54fcfb32339388f2c6cbd559d27d20e",
                "sha256:9742e5f4205c5484cea925ff24b1bd850f1e9291bd0ada6dfe1ec2b715e732b5",
                "sha256:99131465fea74aa5e80dbba6effad10ae661bee2c3fbc1fd6da8a1e954e031d0",
                "sha256:9b96569976420be2ac3716db9ac05b06bf4cd7a358953879ba34f03c9533c123",
                "sha256:9fb1426313af7c560c728fbe8c3cc8e7cc443f5aa489b04a26adc73645214b91",
                "sha256:bac2b2fa1f315c8a50e7807002a064e892be21c95735334f39d2ec104c00a8f0",
                "sha256:da8d393ac59cba12b92c27c53550417200601d0f2a9aa50c1559cf5ce9cb9473",
                "sha256:e4a0152f766930aa41f45bf571b7f6e99206a02810d964cc7bcbd81685e3b624",
                "sha256:e5c5074628249385640f4fe4ac237fd93631a023938476ea258139d12abb17f9",
                "sha256:f1fb1ca8e2415bfd9ce1e3d8612dbbd85dd06c574a0a96a0223265c382950b5a"
            ],
            "index": "pypi",
            "version": "==2.4.6"
        },
        "thinc": {
            "hashes": [
                "sha256:042be0f014d896b826d8c0891b7bc8772464a91661938c61cdd7296cef19280d",
                "sha256:0bdf3f4e4a2fc0a4c5887e9114340ddb60ccc7b85f2cf92affdc68da82430575",
                "sha256:0bf181b47d88c60a961e0cd05eec1143d949dd8e7e3523e13f4e8f1ea32f0004",
                "sha256:108dcfef6ad1bef46d00ad31edc5fd3ab4d36c0cadb92cfbdb2f92d060acd8a0",
                "sha256:18380a440d617fa704daa5018ed5e7d5a50efd9c237ad536a84047be3bcb767c",
                "sha256:21a41c90122e9b8a6b33d5ba05913fd8a763757a2b49e0243eed0bce7722d661",
                "sha256:2d08eb7c15592d4212cd729d782b8be1daa2ed5248a8169991c4f63659bc6266",
                "sha256:50271826c3737168cd9409620c9fcd3f6315136d2fff08279c213a21a5c438e8",
                "sha256:524e6eb2436084968db1a713cfb5ea99b1b2e3363330d4aac8a403487a16d7c2",
                "sha256:575b7dbe3a5d773c12f5dd6e366d942ad3c3ef7a5381332ba842bdbaf4d3e820",
                "sha256:5c9cf2c9d8e44e1edeffe878cb137cbfe5ae1540621b5878be8e5e8d4924d757",
                "sha256:5fd1aa467f445860ae8f0943ab80e41be9b64243522c165bea452ad39d4ff46f",
                "sha256:6c4a48d7da07e044e84a68cbb9b22f32f8490995a2bab0bfc60e412d14afb991",
                "sha256:715ed60ddf1ddf5f98b454b2495fddbbfdb947d77bd47a241d1981d3f58ac9a0",
                "sha256:83da33e05fda126e85e385aaeb2eb8d1ae19368c5bc67f23b88bc2927738b5cf",
                "sha256:a5af0392bdc63c621ba1def80ec98d753be9a27ebe1cf812bed2760371f20456",
                "sha256:a65a1e824711b30e0c35ebfb833681b64c6cb2762364548a210c3740838b9d91",
                "sha256:b432bf27e4724e2f470e5f36455530906d86a81505a3b406f2f4f5b4644f77d8",
                "sha256:bc321d0fbb8e146de4c152d36ea6000de0669fe081fd9777c8768ad9b4478839",
                "sha256:bd9b678bcbf3f3a21260b2f55a65742aeeb7f5442c3ceb475378d95e0e99dc44",
                "sha256:c245e6a5fcb71fcf23cb329f296349a4925b176fad5713571bb4f0fc8787ad7c",
                "sha256:d31f6834f1b1c428718a9668b7a06b74854a9217ba1d8186b41e48146d487fa3",
                "sha256:d63fa0bd3e60931c76617e993042deef875f57b1679354ac2f0072e621e106d1",
                "sha256:d9bee276fb1f820b9a5f80c08655eb78dc2f368f3c22fd33e958e0fedeaac09b",
                "sha256:dbd1dc4394352d80af22131e1a238238eded59de19b55f77e6237436f4865b2c",
                "sha256:e5b2232e737c25fef3116597d1458fef38ddb7237649747686ce4d4531bb84a3",
                "sha256:ea3da2c0fb9012b6bff8b43d86dc34fd2db463f5b5e5fa725e2f5c49d29620b5",
                "sha256:ee75162bfb8aab24bd59604c01935abe1602bbd478064a4a6199d3506cb57679"
            ],
            "index": "pypi",
            "version": "==8.1.10"
        },
        "tqdm": {
            "hashes": [
                "sha256:8dd278a422499cd6b727e6ae4061c40b48fce8b76d1ccbf5d34fca9b7f925b0c",
                "sha256:d359de7217506c9851b7869f3708d8ee53ed70a1b8edbba4dbcb47442592920d"
            ],
            "index": "pypi",
            "version": "==4.62.3"
        },
        "typer": {
            "hashes": [
                "sha256:63c3aeab0549750ffe40da79a1b524f60e08a2cbc3126c520ebf2eeaf507f5dd",
                "sha256:d81169725140423d072df464cad1ff25ee154ef381aaf5b8225352ea187ca338"
            ],
            "index": "pypi",
            "version": "==0.4.0"
        },
        "typing-extensions": {
            "hashes": [
                "sha256:88a4153d8505aabbb4e13aacb7c486c2b4a33ca3b3f807914a9b4c844c471c26",
                "sha256:d91d5919357fe7f681a9f2b5b4cb2a5f1ef0a1e9f59c4d8ff0d3491e05c0ffd5"
            ],
            "index": "pypi",
            "version": "==4.6.3"
        },
        "urllib3": {
            "hashes": [
                "sha256:4987c65554f7a2dbf30c18fd48778ef124af6fab771a377103da0585e2336ece",
                "sha256:c4fdf4019605b6e5423637e01bc9fe4daef873709a7973e195ceba0a62bbc844"
            ],
            "index": "pypi",
            "version": "==1.26.7"
        },
        "wasabi": {
            "hashes": [
                "sha256:32e44649d99a64e08e40c1c96cddb69fad460bd0cc33802a53cab6714dfb73f8",
                "sha256:f5ee7c609027811bd16e620f2fd7a7319466005848e41b051a62053ab8fd70d6"
            ],
            "index": "pypi",
            "version": "==1.1.1"
        }
    },
    "develop": {
        "colorama": {
            "hashes": [
                "sha256:08695f5cb7ed6e0531a20572697297273c47b8cae5a63ffc6d6ed5c201be6e44",
                "sha256:4f1d9991f5acc0ca119f9d443620b77f9d6b33703e51011c16baf57afb285fc6"
            ],
            "index": "pypi",
            "version": "==0.4.6"
        },
        "exceptiongroup": {
            "hashes": [
                "sha256:232c37c63e4f682982c8b6459f33a8981039e5fb8756b2074364e5055c498c9e",
                "sha256:d484c3090ba2889ae2928419117447a14daf3c1231d5e30d0aae34f354f01785"
            ],
            "markers": "python_version < '3.11'",
            "version": "==1.1.1"
        },
        "iniconfig": {
            "hashes": [
                "sha256:2d91e135bf72d31a410b17c16da610a82cb55f6b0477d1a902134b24a455b8b3",
                "sha256:b6a85871a79d2e3b22d2d1b94ac2824226a63c6b741c88f7ae975f18b6778374"
            ],
            "markers": "python_version >= '3.7'",
            "version": "==2.0.0"
        },
        "packaging": {
            "hashes": [
                "sha256:096d689d78ca690e4cd8a89568ba06d07ca097e3306a4381635073ca91479966",
                "sha256:14317396d1e8cdb122989b916fa2c7e9ca8e2be9e8060a6eff75b6b7b4d8a7e0"
            ],
            "index": "pypi",
            "version": "==21.2"
        },
        "pluggy": {
            "hashes": [
                "sha256:4224373bacce55f955a878bf9cfa763c1e360858e330072059e10bad68531159",
                "sha256:74134bbf457f031a36d68416e1509f34bd5ccc019f0bcc952c7b909d06b37bd3"
            ],
            "markers": "python_version >= '3.6'",
            "version": "==1.0.0"
        },
        "pyparsing": {
            "hashes": [
                "sha256:c203ec8783bf771a155b207279b9bccb8dea02d8f0c9e5f8ead507bc3246ecc1",
                "sha256:ef9d7589ef3c200abe66653d3f1ab1033c3c419ae9b9bdb1240a85b024efc88b"
            ],
            "index": "pypi",
            "version": "==2.4.7"
        },
        "pytest": {
            "hashes": [
                "sha256:3799fa815351fea3a5e96ac7e503a96fa51cc9942c3753cda7651b93c1cfa362",
                "sha256:434afafd78b1d78ed0addf160ad2b77a30d35d4bdf8af234fe621919d9ed15e3"
            ],
            "index": "pypi",
            "version": "==7.3.1"
        },
        "tomli": {
            "hashes": [
                "sha256:939de3e7a6161af0c887ef91b7d41a53e7c5a1ca976325f429cb46ea9bc30ecc",
                "sha256:de526c12914f0c550d15924c62d72abc48d6fe7364aa87328337a31007fe8a4f"
            ],
            "markers": "python_version < '3.11'",
            "version": "==2.0.1"
        }
    }
}
